// !$*UTF8*$!
{
	archiveVersion = 1;
	classes = {
	};
	objectVersion = 46;
	objects = {

/* Begin PBXBuildFile section */
		4D2F7DC4158D30DF00E44CC8 /* CaptureViewController.m in Sources */ = {isa = PBXBuildFile; fileRef = 4D2F7DC2158D30DE00E44CC8 /* CaptureViewController.m */; };
		4D2F7DC5158D30DF00E44CC8 /* CaptureViewController_iPhone.xib in Resources */ = {isa = PBXBuildFile; fileRef = 4D2F7DC3158D30DE00E44CC8 /* CaptureViewController_iPhone.xib */; };
		4D3F4435158E3C3100E17DFD /* AdjustmentViewController.m in Sources */ = {isa = PBXBuildFile; fileRef = 4D3F4433158E3C3100E17DFD /* AdjustmentViewController.m */; };
		4D3F4436158E3C3100E17DFD /* AdjustmentViewController_iPhone.xib in Resources */ = {isa = PBXBuildFile; fileRef = 4D3F4434158E3C3100E17DFD /* AdjustmentViewController_iPhone.xib */; };
		4D3F4439158E3D0700E17DFD /* QuartzCore.framework in Frameworks */ = {isa = PBXBuildFile; fileRef = 4D3F4438158E3D0700E17DFD /* QuartzCore.framework */; };
		4D3F443B158E3D0E00E17DFD /* OpenGLES.framework in Frameworks */ = {isa = PBXBuildFile; fileRef = 4D3F443A158E3D0E00E17DFD /* OpenGLES.framework */; };
		4D3F443D158E3D1400E17DFD /* GLKit.framework in Frameworks */ = {isa = PBXBuildFile; fileRef = 4D3F443C158E3D1400E17DFD /* GLKit.framework */; };
		4D8648BC158D2971003BEBD5 /* UIKit.framework in Frameworks */ = {isa = PBXBuildFile; fileRef = 4D8648BB158D2971003BEBD5 /* UIKit.framework */; };
		4D8648BE158D2971003BEBD5 /* Foundation.framework in Frameworks */ = {isa = PBXBuildFile; fileRef = 4D8648BD158D2971003BEBD5 /* Foundation.framework */; };
		4D8648C0158D2971003BEBD5 /* CoreGraphics.framework in Frameworks */ = {isa = PBXBuildFile; fileRef = 4D8648BF158D2971003BEBD5 /* CoreGraphics.framework */; };
		4D8648C6158D2971003BEBD5 /* InfoPlist.strings in Resources */ = {isa = PBXBuildFile; fileRef = 4D8648C4158D2971003BEBD5 /* InfoPlist.strings */; };
		4D8648C8158D2971003BEBD5 /* main.m in Sources */ = {isa = PBXBuildFile; fileRef = 4D8648C7158D2971003BEBD5 /* main.m */; };
		4D8648CC158D2971003BEBD5 /* AppDelegate.m in Sources */ = {isa = PBXBuildFile; fileRef = 4D8648CB158D2971003BEBD5 /* AppDelegate.m */; };
		4D8648CF158D2971003BEBD5 /* FirstViewController.m in Sources */ = {isa = PBXBuildFile; fileRef = 4D8648CE158D2971003BEBD5 /* FirstViewController.m */; };
		4D8648E0158D2971003BEBD5 /* FirstViewController_iPad.xib in Resources */ = {isa = PBXBuildFile; fileRef = 4D8648DE158D2971003BEBD5 /* FirstViewController_iPad.xib */; };
		4D8648E6158D2971003BEBD5 /* CaptureViewController_iPad.xib in Resources */ = {isa = PBXBuildFile; fileRef = 4D8648E4158D2971003BEBD5 /* CaptureViewController_iPad.xib */; };
		4D8648F1158D29AD003BEBD5 /* libz.dylib in Frameworks */ = {isa = PBXBuildFile; fileRef = 4D8648F0158D29AD003BEBD5 /* libz.dylib */; };
		4D8648F6158D2A11003BEBD5 /* libTestFlight.a in Frameworks */ = {isa = PBXBuildFile; fileRef = 4D8648F5158D2A11003BEBD5 /* libTestFlight.a */; };
		4D8648FA158D2A1C003BEBD5 /* 111-user.png in Resources */ = {isa = PBXBuildFile; fileRef = 4D8648F7158D2A1C003BEBD5 /* 111-user.png */; };
		4D8648FB158D2A1C003BEBD5 /* 165-glasses-3.png in Resources */ = {isa = PBXBuildFile; fileRef = 4D8648F8158D2A1C003BEBD5 /* 165-glasses-3.png */; };
		4D8648FC158D2A1C003BEBD5 /* camera.png in Resources */ = {isa = PBXBuildFile; fileRef = 4D8648F9158D2A1C003BEBD5 /* camera.png */; };
		4D8648FF158D2C5B003BEBD5 /* MobileCoreServices.framework in Frameworks */ = {isa = PBXBuildFile; fileRef = 4D8648FE158D2C5B003BEBD5 /* MobileCoreServices.framework */; };
		4D864904158D2DAF003BEBD5 /* FirstViewController_iPhone.xib in Resources */ = {isa = PBXBuildFile; fileRef = 4D864902158D2DAF003BEBD5 /* FirstViewController_iPhone.xib */; };
		4DD174CC158E54A600DC7B37 /* FWImageController.nib in Resources */ = {isa = PBXBuildFile; fileRef = 4DD174CA158E54A600DC7B37 /* FWImageController.nib */; };
		4DD174CD158E54A600DC7B37 /* WrapperFace.framework in Frameworks */ = {isa = PBXBuildFile; fileRef = 4DD174CB158E54A600DC7B37 /* WrapperFace.framework */; };
		4DDE03A2158E6D3B00066CF1 /* FaceRecognition.m in Sources */ = {isa = PBXBuildFile; fileRef = 4DDE03A1158E6D3B00066CF1 /* FaceRecognition.m */; };
		4DDE03A8158E730300066CF1 /* UIImage+Resize.m in Sources */ = {isa = PBXBuildFile; fileRef = 4DDE03A7158E730300066CF1 /* UIImage+Resize.m */; };
		4DDE03AB158E733700066CF1 /* UIImage+RoundedCorner.m in Sources */ = {isa = PBXBuildFile; fileRef = 4DDE03AA158E733700066CF1 /* UIImage+RoundedCorner.m */; };
		4DDE03AE158E736100066CF1 /* UIImage+Alpha.m in Sources */ = {isa = PBXBuildFile; fileRef = 4DDE03AD158E736100066CF1 /* UIImage+Alpha.m */; };
		4DDE03B1158EB11A00066CF1 /* notes.txt in Resources */ = {isa = PBXBuildFile; fileRef = 4DDE03B0158EB11A00066CF1 /* notes.txt */; };
		F000AE94159A6C11006E8743 /* SystemConfiguration.framework in Frameworks */ = {isa = PBXBuildFile; fileRef = F000AE93159A6C11006E8743 /* SystemConfiguration.framework */; };
		F000AE98159A6CAA006E8743 /* Reachability.m in Sources */ = {isa = PBXBuildFile; fileRef = F000AE97159A6CAA006E8743 /* Reachability.m */; };
		F000AE9B159A743D006E8743 /* Face.m in Sources */ = {isa = PBXBuildFile; fileRef = F000AE9A159A743D006E8743 /* Face.m */; };
		F000AE9D159A8358006E8743 /* glasses.jpg in Resources */ = {isa = PBXBuildFile; fileRef = F000AE9C159A8358006E8743 /* glasses.jpg */; };
		F000AE9F159A88F3006E8743 /* CoreImage.framework in Frameworks */ = {isa = PBXBuildFile; fileRef = F000AE9E159A88F3006E8743 /* CoreImage.framework */; };
		F081AAFF159A930D0016369A /* glasses.png in Resources */ = {isa = PBXBuildFile; fileRef = F081AAFE159A930D0016369A /* glasses.png */; };
		F088F31B159BCEAC00C51F7E /* ImageOverlay.m in Sources */ = {isa = PBXBuildFile; fileRef = F088F31A159BCEAC00C51F7E /* ImageOverlay.m */; };
		F088F31F159BE0D200C51F7E /* NSTimer+Blocks.m in Sources */ = {isa = PBXBuildFile; fileRef = F088F31E159BE0D200C51F7E /* NSTimer+Blocks.m */; };
		F0A035AF1597D16A00392A2C /* MBProgressHUD.m in Sources */ = {isa = PBXBuildFile; fileRef = F0A035AE1597D16A00392A2C /* MBProgressHUD.m */; };
		F0A035B41597D62B00392A2C /* Icon.png in Resources */ = {isa = PBXBuildFile; fileRef = F0A035B31597D62B00392A2C /* Icon.png */; };
		F0A0360215980C2400392A2C /* abraham_lincoln1.jpg in Resources */ = {isa = PBXBuildFile; fileRef = F0A0360115980C2400392A2C /* abraham_lincoln1.jpg */; };
		F0CA4F9215980DB3000FC938 /* jobs.jpg in Resources */ = {isa = PBXBuildFile; fileRef = F0CA4F9115980DB3000FC938 /* jobs.jpg */; };
		F0D566FC159F512E001281D0 /* roll.jpg in Resources */ = {isa = PBXBuildFile; fileRef = F0D566FB159F512E001281D0 /* roll.jpg */; };
		F0D5670015A0D971001281D0 /* OverlayPickerViewController.m in Sources */ = {isa = PBXBuildFile; fileRef = F0D566FE15A0D971001281D0 /* OverlayPickerViewController.m */; };
		F0D5670115A0D971001281D0 /* OverlayPickerViewController_iPhone.xib in Resources */ = {isa = PBXBuildFile; fileRef = F0D566FF15A0D971001281D0 /* OverlayPickerViewController_iPhone.xib */; };
		F0D5670415A0D9A2001281D0 /* FaceViewController.m in Sources */ = {isa = PBXBuildFile; fileRef = F0D5670315A0D9A2001281D0 /* FaceViewController.m */; };
		F0D5670615A0DAF5001281D0 /* FaceViewController_iPhone.xib in Resources */ = {isa = PBXBuildFile; fileRef = F0D5670515A0DAF5001281D0 /* FaceViewController_iPhone.xib */; };
		F0D5670815A0F728001281D0 /* Cat-with-hat.jpg in Resources */ = {isa = PBXBuildFile; fileRef = F0D5670715A0F728001281D0 /* Cat-with-hat.jpg */; };
		F0D724E915A136D3004D1BDC /* dealwithit.png in Resources */ = {isa = PBXBuildFile; fileRef = F0D724E815A136D3004D1BDC /* dealwithit.png */; };
		F0D724EB15A14524004D1BDC /* mst.jpg in Resources */ = {isa = PBXBuildFile; fileRef = F0D724EA15A14524004D1BDC /* mst.jpg */; };
/* End PBXBuildFile section */

/* Begin PBXFileReference section */
		4D2F7DC1158D30DE00E44CC8 /* CaptureViewController.h */ = {isa = PBXFileReference; fileEncoding = 4; lastKnownFileType = sourcecode.c.h; name = CaptureViewController.h; path = ../CaptureViewController.h; sourceTree = "<group>"; };
		4D2F7DC2158D30DE00E44CC8 /* CaptureViewController.m */ = {isa = PBXFileReference; fileEncoding = 4; lastKnownFileType = sourcecode.c.objc; name = CaptureViewController.m; path = ../CaptureViewController.m; sourceTree = "<group>"; };
		4D2F7DC3158D30DE00E44CC8 /* CaptureViewController_iPhone.xib */ = {isa = PBXFileReference; fileEncoding = 4; lastKnownFileType = file.xib; name = CaptureViewController_iPhone.xib; path = ../CaptureViewController_iPhone.xib; sourceTree = "<group>"; };
		4D3F4432158E3C3100E17DFD /* AdjustmentViewController.h */ = {isa = PBXFileReference; fileEncoding = 4; lastKnownFileType = sourcecode.c.h; path = AdjustmentViewController.h; sourceTree = "<group>"; };
		4D3F4433158E3C3100E17DFD /* AdjustmentViewController.m */ = {isa = PBXFileReference; fileEncoding = 4; lastKnownFileType = sourcecode.c.objc; path = AdjustmentViewController.m; sourceTree = "<group>"; };
		4D3F4434158E3C3100E17DFD /* AdjustmentViewController_iPhone.xib */ = {isa = PBXFileReference; fileEncoding = 4; lastKnownFileType = file.xib; path = AdjustmentViewController_iPhone.xib; sourceTree = "<group>"; };
		4D3F4438158E3D0700E17DFD /* QuartzCore.framework */ = {isa = PBXFileReference; lastKnownFileType = wrapper.framework; name = QuartzCore.framework; path = System/Library/Frameworks/QuartzCore.framework; sourceTree = SDKROOT; };
		4D3F443A158E3D0E00E17DFD /* OpenGLES.framework */ = {isa = PBXFileReference; lastKnownFileType = wrapper.framework; name = OpenGLES.framework; path = System/Library/Frameworks/OpenGLES.framework; sourceTree = SDKROOT; };
		4D3F443C158E3D1400E17DFD /* GLKit.framework */ = {isa = PBXFileReference; lastKnownFileType = wrapper.framework; name = GLKit.framework; path = System/Library/Frameworks/GLKit.framework; sourceTree = SDKROOT; };
		4D8648B7158D2971003BEBD5 /* iDealWithIt.app */ = {isa = PBXFileReference; explicitFileType = wrapper.application; includeInIndex = 0; path = iDealWithIt.app; sourceTree = BUILT_PRODUCTS_DIR; };
		4D8648BB158D2971003BEBD5 /* UIKit.framework */ = {isa = PBXFileReference; lastKnownFileType = wrapper.framework; name = UIKit.framework; path = System/Library/Frameworks/UIKit.framework; sourceTree = SDKROOT; };
		4D8648BD158D2971003BEBD5 /* Foundation.framework */ = {isa = PBXFileReference; lastKnownFileType = wrapper.framework; name = Foundation.framework; path = System/Library/Frameworks/Foundation.framework; sourceTree = SDKROOT; };
		4D8648BF158D2971003BEBD5 /* CoreGraphics.framework */ = {isa = PBXFileReference; lastKnownFileType = wrapper.framework; name = CoreGraphics.framework; path = System/Library/Frameworks/CoreGraphics.framework; sourceTree = SDKROOT; };
		4D8648C3158D2971003BEBD5 /* iDealWithIt-Info.plist */ = {isa = PBXFileReference; lastKnownFileType = text.plist.xml; path = "iDealWithIt-Info.plist"; sourceTree = "<group>"; };
		4D8648C5158D2971003BEBD5 /* en */ = {isa = PBXFileReference; lastKnownFileType = text.plist.strings; name = en; path = en.lproj/InfoPlist.strings; sourceTree = "<group>"; };
		4D8648C7158D2971003BEBD5 /* main.m */ = {isa = PBXFileReference; lastKnownFileType = sourcecode.c.objc; path = main.m; sourceTree = "<group>"; };
		4D8648C9158D2971003BEBD5 /* iDealWithIt-Prefix.pch */ = {isa = PBXFileReference; lastKnownFileType = sourcecode.c.h; path = "iDealWithIt-Prefix.pch"; sourceTree = "<group>"; };
		4D8648CA158D2971003BEBD5 /* AppDelegate.h */ = {isa = PBXFileReference; lastKnownFileType = sourcecode.c.h; path = AppDelegate.h; sourceTree = "<group>"; };
		4D8648CB158D2971003BEBD5 /* AppDelegate.m */ = {isa = PBXFileReference; lastKnownFileType = sourcecode.c.objc; path = AppDelegate.m; sourceTree = "<group>"; };
		4D8648CD158D2971003BEBD5 /* FirstViewController.h */ = {isa = PBXFileReference; lastKnownFileType = sourcecode.c.h; path = FirstViewController.h; sourceTree = "<group>"; };
		4D8648CE158D2971003BEBD5 /* FirstViewController.m */ = {isa = PBXFileReference; lastKnownFileType = sourcecode.c.objc; path = FirstViewController.m; sourceTree = "<group>"; };
		4D8648DF158D2971003BEBD5 /* en */ = {isa = PBXFileReference; lastKnownFileType = file.xib; name = en; path = en.lproj/FirstViewController_iPad.xib; sourceTree = "<group>"; };
		4D8648E5158D2971003BEBD5 /* en */ = {isa = PBXFileReference; lastKnownFileType = file.xib; name = en; path = en.lproj/CaptureViewController_iPad.xib; sourceTree = "<group>"; };
		4D8648F0158D29AD003BEBD5 /* libz.dylib */ = {isa = PBXFileReference; lastKnownFileType = "compiled.mach-o.dylib"; name = libz.dylib; path = usr/lib/libz.dylib; sourceTree = SDKROOT; };
		4D8648F5158D2A11003BEBD5 /* libTestFlight.a */ = {isa = PBXFileReference; lastKnownFileType = archive.ar; path = libTestFlight.a; sourceTree = "<group>"; };
		4D8648F7158D2A1C003BEBD5 /* 111-user.png */ = {isa = PBXFileReference; lastKnownFileType = image.png; path = "111-user.png"; sourceTree = "<group>"; };
		4D8648F8158D2A1C003BEBD5 /* 165-glasses-3.png */ = {isa = PBXFileReference; lastKnownFileType = image.png; path = "165-glasses-3.png"; sourceTree = "<group>"; };
		4D8648F9158D2A1C003BEBD5 /* camera.png */ = {isa = PBXFileReference; lastKnownFileType = image.png; path = camera.png; sourceTree = "<group>"; };
		4D8648FD158D2BB9003BEBD5 /* TestFlight.h */ = {isa = PBXFileReference; fileEncoding = 4; lastKnownFileType = sourcecode.c.h; path = TestFlight.h; sourceTree = "<group>"; };
		4D8648FE158D2C5B003BEBD5 /* MobileCoreServices.framework */ = {isa = PBXFileReference; lastKnownFileType = wrapper.framework; name = MobileCoreServices.framework; path = System/Library/Frameworks/MobileCoreServices.framework; sourceTree = SDKROOT; };
		4D864902158D2DAF003BEBD5 /* FirstViewController_iPhone.xib */ = {isa = PBXFileReference; fileEncoding = 4; lastKnownFileType = file.xib; path = FirstViewController_iPhone.xib; sourceTree = "<group>"; };
		4DD174CA158E54A600DC7B37 /* FWImageController.nib */ = {isa = PBXFileReference; lastKnownFileType = file; path = FWImageController.nib; sourceTree = "<group>"; };
		4DD174CB158E54A600DC7B37 /* WrapperFace.framework */ = {isa = PBXFileReference; lastKnownFileType = wrapper.framework; path = WrapperFace.framework; sourceTree = "<group>"; };
		4DDE03A0158E6D3B00066CF1 /* FaceRecognition.h */ = {isa = PBXFileReference; fileEncoding = 4; lastKnownFileType = sourcecode.c.h; path = FaceRecognition.h; sourceTree = "<group>"; };
		4DDE03A1158E6D3B00066CF1 /* FaceRecognition.m */ = {isa = PBXFileReference; fileEncoding = 4; lastKnownFileType = sourcecode.c.objc; path = FaceRecognition.m; sourceTree = "<group>"; };
		4DDE03A6158E72DB00066CF1 /* UIImage+Resize.h */ = {isa = PBXFileReference; lastKnownFileType = sourcecode.c.h; path = "UIImage+Resize.h"; sourceTree = "<group>"; };
		4DDE03A7158E730300066CF1 /* UIImage+Resize.m */ = {isa = PBXFileReference; fileEncoding = 4; lastKnownFileType = sourcecode.c.objc; path = "UIImage+Resize.m"; sourceTree = "<group>"; };
		4DDE03A9158E732500066CF1 /* UIImage+RoundedCorner.h */ = {isa = PBXFileReference; fileEncoding = 4; lastKnownFileType = sourcecode.c.h; path = "UIImage+RoundedCorner.h"; sourceTree = "<group>"; };
		4DDE03AA158E733700066CF1 /* UIImage+RoundedCorner.m */ = {isa = PBXFileReference; fileEncoding = 4; lastKnownFileType = sourcecode.c.objc; path = "UIImage+RoundedCorner.m"; sourceTree = "<group>"; };
		4DDE03AC158E734600066CF1 /* UIImage+Alpha.h */ = {isa = PBXFileReference; fileEncoding = 4; lastKnownFileType = sourcecode.c.h; path = "UIImage+Alpha.h"; sourceTree = "<group>"; };
		4DDE03AD158E736100066CF1 /* UIImage+Alpha.m */ = {isa = PBXFileReference; fileEncoding = 4; lastKnownFileType = sourcecode.c.objc; path = "UIImage+Alpha.m"; sourceTree = "<group>"; };
		4DDE03B0158EB11A00066CF1 /* notes.txt */ = {isa = PBXFileReference; fileEncoding = 4; lastKnownFileType = text; path = notes.txt; sourceTree = "<group>"; };
		F000AE93159A6C11006E8743 /* SystemConfiguration.framework */ = {isa = PBXFileReference; lastKnownFileType = wrapper.framework; name = SystemConfiguration.framework; path = System/Library/Frameworks/SystemConfiguration.framework; sourceTree = SDKROOT; };
		F000AE96159A6CA1006E8743 /* Reachability.h */ = {isa = PBXFileReference; fileEncoding = 4; lastKnownFileType = sourcecode.c.h; path = Reachability.h; sourceTree = "<group>"; };
		F000AE97159A6CAA006E8743 /* Reachability.m */ = {isa = PBXFileReference; fileEncoding = 4; lastKnownFileType = sourcecode.c.objc; path = Reachability.m; sourceTree = "<group>"; };
		F000AE99159A743D006E8743 /* Face.h */ = {isa = PBXFileReference; fileEncoding = 4; lastKnownFileType = sourcecode.c.h; path = Face.h; sourceTree = "<group>"; };
		F000AE9A159A743D006E8743 /* Face.m */ = {isa = PBXFileReference; fileEncoding = 4; lastKnownFileType = sourcecode.c.objc; path = Face.m; sourceTree = "<group>"; };
		F000AE9C159A8358006E8743 /* glasses.jpg */ = {isa = PBXFileReference; lastKnownFileType = image.jpeg; path = glasses.jpg; sourceTree = "<group>"; };
		F000AE9E159A88F3006E8743 /* CoreImage.framework */ = {isa = PBXFileReference; lastKnownFileType = wrapper.framework; name = CoreImage.framework; path = System/Library/Frameworks/CoreImage.framework; sourceTree = SDKROOT; };
		F081AAFE159A930D0016369A /* glasses.png */ = {isa = PBXFileReference; lastKnownFileType = image.png; path = glasses.png; sourceTree = "<group>"; };
		F088F319159BCEAC00C51F7E /* ImageOverlay.h */ = {isa = PBXFileReference; fileEncoding = 4; lastKnownFileType = sourcecode.c.h; path = ImageOverlay.h; sourceTree = "<group>"; };
		F088F31A159BCEAC00C51F7E /* ImageOverlay.m */ = {isa = PBXFileReference; fileEncoding = 4; lastKnownFileType = sourcecode.c.objc; path = ImageOverlay.m; sourceTree = "<group>"; };
		F088F31D159BE0A200C51F7E /* NSTimer+Blocks.h */ = {isa = PBXFileReference; lastKnownFileType = sourcecode.c.h; path = "NSTimer+Blocks.h"; sourceTree = "<group>"; };
		F088F31E159BE0D200C51F7E /* NSTimer+Blocks.m */ = {isa = PBXFileReference; fileEncoding = 4; lastKnownFileType = sourcecode.c.objc; path = "NSTimer+Blocks.m"; sourceTree = "<group>"; };
		F0A035AE1597D16A00392A2C /* MBProgressHUD.m */ = {isa = PBXFileReference; fileEncoding = 4; lastKnownFileType = sourcecode.c.objc; path = MBProgressHUD.m; sourceTree = "<group>"; };
		F0A035B01597D17800392A2C /* MBProgressHUD.h */ = {isa = PBXFileReference; fileEncoding = 4; lastKnownFileType = sourcecode.c.h; path = MBProgressHUD.h; sourceTree = "<group>"; };
		F0A035B31597D62B00392A2C /* Icon.png */ = {isa = PBXFileReference; lastKnownFileType = image.png; path = Icon.png; sourceTree = "<group>"; };
		F0A0360115980C2400392A2C /* abraham_lincoln1.jpg */ = {isa = PBXFileReference; lastKnownFileType = image.jpeg; path = abraham_lincoln1.jpg; sourceTree = "<group>"; };
		F0CA4F9115980DB3000FC938 /* jobs.jpg */ = {isa = PBXFileReference; lastKnownFileType = image.jpeg; path = jobs.jpg; sourceTree = "<group>"; };
		F0D566FB159F512E001281D0 /* roll.jpg */ = {isa = PBXFileReference; lastKnownFileType = image.jpeg; path = roll.jpg; sourceTree = "<group>"; };
		F0D566FD15A0D971001281D0 /* OverlayPickerViewController.h */ = {isa = PBXFileReference; fileEncoding = 4; lastKnownFileType = sourcecode.c.h; path = OverlayPickerViewController.h; sourceTree = "<group>"; };
		F0D566FE15A0D971001281D0 /* OverlayPickerViewController.m */ = {isa = PBXFileReference; fileEncoding = 4; lastKnownFileType = sourcecode.c.objc; path = OverlayPickerViewController.m; sourceTree = "<group>"; };
		F0D566FF15A0D971001281D0 /* OverlayPickerViewController_iPhone.xib */ = {isa = PBXFileReference; fileEncoding = 4; lastKnownFileType = file.xib; path = OverlayPickerViewController_iPhone.xib; sourceTree = "<group>"; };
		F0D5670215A0D9A2001281D0 /* FaceViewController.h */ = {isa = PBXFileReference; fileEncoding = 4; lastKnownFileType = sourcecode.c.h; path = FaceViewController.h; sourceTree = "<group>"; };
		F0D5670315A0D9A2001281D0 /* FaceViewController.m */ = {isa = PBXFileReference; fileEncoding = 4; lastKnownFileType = sourcecode.c.objc; path = FaceViewController.m; sourceTree = "<group>"; };
		F0D5670515A0DAF5001281D0 /* FaceViewController_iPhone.xib */ = {isa = PBXFileReference; fileEncoding = 4; lastKnownFileType = file.xib; path = FaceViewController_iPhone.xib; sourceTree = "<group>"; };
		F0D5670715A0F728001281D0 /* Cat-with-hat.jpg */ = {isa = PBXFileReference; lastKnownFileType = image.jpeg; path = "Cat-with-hat.jpg"; sourceTree = "<group>"; };
		F0D724E815A136D3004D1BDC /* dealwithit.png */ = {isa = PBXFileReference; lastKnownFileType = image.png; path = dealwithit.png; sourceTree = "<group>"; };
		F0D724EA15A14524004D1BDC /* mst.jpg */ = {isa = PBXFileReference; lastKnownFileType = image.jpeg; path = mst.jpg; sourceTree = "<group>"; };
/* End PBXFileReference section */

/* Begin PBXFrameworksBuildPhase section */
		4D8648B4158D2971003BEBD5 /* Frameworks */ = {
			isa = PBXFrameworksBuildPhase;
			buildActionMask = 2147483647;
			files = (
				F000AE9F159A88F3006E8743 /* CoreImage.framework in Frameworks */,
				F000AE94159A6C11006E8743 /* SystemConfiguration.framework in Frameworks */,
				4D3F443D158E3D1400E17DFD /* GLKit.framework in Frameworks */,
				4D3F443B158E3D0E00E17DFD /* OpenGLES.framework in Frameworks */,
				4D3F4439158E3D0700E17DFD /* QuartzCore.framework in Frameworks */,
				4D8648FF158D2C5B003BEBD5 /* MobileCoreServices.framework in Frameworks */,
				4D8648F1158D29AD003BEBD5 /* libz.dylib in Frameworks */,
				4D8648BC158D2971003BEBD5 /* UIKit.framework in Frameworks */,
				4D8648BE158D2971003BEBD5 /* Foundation.framework in Frameworks */,
				4D8648C0158D2971003BEBD5 /* CoreGraphics.framework in Frameworks */,
				4D8648F6158D2A11003BEBD5 /* libTestFlight.a in Frameworks */,
				4DD174CD158E54A600DC7B37 /* WrapperFace.framework in Frameworks */,
			);
			runOnlyForDeploymentPostprocessing = 0;
		};
/* End PBXFrameworksBuildPhase section */

/* Begin PBXGroup section */
		4D8648AC158D2971003BEBD5 = {
			isa = PBXGroup;
			children = (
				4D8648C1158D2971003BEBD5 /* iDealWithIt */,
				4D8648BA158D2971003BEBD5 /* Frameworks */,
				4D8648B8158D2971003BEBD5 /* Products */,
			);
			sourceTree = "<group>";
		};
		4D8648B8158D2971003BEBD5 /* Products */ = {
			isa = PBXGroup;
			children = (
				4D8648B7158D2971003BEBD5 /* iDealWithIt.app */,
			);
			name = Products;
			sourceTree = "<group>";
		};
		4D8648BA158D2971003BEBD5 /* Frameworks */ = {
			isa = PBXGroup;
			children = (
				F000AE9E159A88F3006E8743 /* CoreImage.framework */,
				F000AE93159A6C11006E8743 /* SystemConfiguration.framework */,
				4DD174C8158E54A600DC7B37 /* WrapperFace.embeddedframework */,
				4D3F443C158E3D1400E17DFD /* GLKit.framework */,
				4D3F443A158E3D0E00E17DFD /* OpenGLES.framework */,
				4D3F4438158E3D0700E17DFD /* QuartzCore.framework */,
				4D8648FE158D2C5B003BEBD5 /* MobileCoreServices.framework */,
				4D8648F0158D29AD003BEBD5 /* libz.dylib */,
				4D8648F5158D2A11003BEBD5 /* libTestFlight.a */,
				4D8648BB158D2971003BEBD5 /* UIKit.framework */,
				4D8648BD158D2971003BEBD5 /* Foundation.framework */,
				4D8648BF158D2971003BEBD5 /* CoreGraphics.framework */,
			);
			name = Frameworks;
			sourceTree = "<group>";
		};
		4D8648C1158D2971003BEBD5 /* iDealWithIt */ = {
			isa = PBXGroup;
			children = (
				F0D566F7159EA0F9001281D0 /* Overlays */,
				4DDE03A4158E6D4000066CF1 /* Faces */,
				4D8648F4158D29C0003BEBD5 /* iPad */,
				4D8648F3158D29BA003BEBD5 /* iPhone */,
				4D8648CA158D2971003BEBD5 /* AppDelegate.h */,
				4D8648CB158D2971003BEBD5 /* AppDelegate.m */,
				4D8648CD158D2971003BEBD5 /* FirstViewController.h */,
				4D8648CE158D2971003BEBD5 /* FirstViewController.m */,
				4D2F7DC1158D30DE00E44CC8 /* CaptureViewController.h */,
				4D2F7DC2158D30DE00E44CC8 /* CaptureViewController.m */,
				F0D5670215A0D9A2001281D0 /* FaceViewController.h */,
				F0D5670315A0D9A2001281D0 /* FaceViewController.m */,
				4D3F4432158E3C3100E17DFD /* AdjustmentViewController.h */,
				4D3F4433158E3C3100E17DFD /* AdjustmentViewController.m */,
				F0D566FD15A0D971001281D0 /* OverlayPickerViewController.h */,
				F0D566FE15A0D971001281D0 /* OverlayPickerViewController.m */,
				4D8648C2158D2971003BEBD5 /* Supporting Files */,
				4DDE03B0158EB11A00066CF1 /* notes.txt */,
			);
			path = iDealWithIt;
			sourceTree = "<group>";
		};
		4D8648C2158D2971003BEBD5 /* Supporting Files */ = {
			isa = PBXGroup;
			children = (
				4D8648F2158D29B4003BEBD5 /* assets */,
				4DDE03A5158E72C100066CF1 /* ImageManipulation */,
				F0A035AD1597D15600392A2C /* libs */,
				4D8648FD158D2BB9003BEBD5 /* TestFlight.h */,
				4D8648C3158D2971003BEBD5 /* iDealWithIt-Info.plist */,
				4D8648C4158D2971003BEBD5 /* InfoPlist.strings */,
				4D8648C7158D2971003BEBD5 /* main.m */,
				4D8648C9158D2971003BEBD5 /* iDealWithIt-Prefix.pch */,
			);
			name = "Supporting Files";
			sourceTree = "<group>";
		};
		4D8648F2158D29B4003BEBD5 /* assets */ = {
			isa = PBXGroup;
			children = (
				F0D724E815A136D3004D1BDC /* dealwithit.png */,
				F0D724EA15A14524004D1BDC /* mst.jpg */,
				F0D5670715A0F728001281D0 /* Cat-with-hat.jpg */,
				F0A0360115980C2400392A2C /* abraham_lincoln1.jpg */,
				F0D566FB159F512E001281D0 /* roll.jpg */,
				F0CA4F9115980DB3000FC938 /* jobs.jpg */,
				F081AAFE159A930D0016369A /* glasses.png */,
				F0A035B31597D62B00392A2C /* Icon.png */,
				F000AE9C159A8358006E8743 /* glasses.jpg */,
				4D8648F7158D2A1C003BEBD5 /* 111-user.png */,
				4D8648F8158D2A1C003BEBD5 /* 165-glasses-3.png */,
				4D8648F9158D2A1C003BEBD5 /* camera.png */,
			);
			name = assets;
			sourceTree = "<group>";
		};
		4D8648F3158D29BA003BEBD5 /* iPhone */ = {
			isa = PBXGroup;
			children = (
				4D864902158D2DAF003BEBD5 /* FirstViewController_iPhone.xib */,
				4D2F7DC3158D30DE00E44CC8 /* CaptureViewController_iPhone.xib */,
				F0D5670515A0DAF5001281D0 /* FaceViewController_iPhone.xib */,
				4D3F4434158E3C3100E17DFD /* AdjustmentViewController_iPhone.xib */,
				F0D566FF15A0D971001281D0 /* OverlayPickerViewController_iPhone.xib */,
			);
			name = iPhone;
			sourceTree = "<group>";
		};
		4D8648F4158D29C0003BEBD5 /* iPad */ = {
			isa = PBXGroup;
			children = (
				4D8648DE158D2971003BEBD5 /* FirstViewController_iPad.xib */,
				4D8648E4158D2971003BEBD5 /* CaptureViewController_iPad.xib */,
			);
			name = iPad;
			sourceTree = "<group>";
		};
		4DD174C8158E54A600DC7B37 /* WrapperFace.embeddedframework */ = {
			isa = PBXGroup;
			children = (
				4DD174C9158E54A600DC7B37 /* Resources */,
				4DD174CB158E54A600DC7B37 /* WrapperFace.framework */,
			);
			path = WrapperFace.embeddedframework;
			sourceTree = "<group>";
		};
		4DD174C9158E54A600DC7B37 /* Resources */ = {
			isa = PBXGroup;
			children = (
				4DD174CA158E54A600DC7B37 /* FWImageController.nib */,
			);
			path = Resources;
			sourceTree = "<group>";
		};
		4DDE03A4158E6D4000066CF1 /* Faces */ = {
			isa = PBXGroup;
			children = (
				4DDE03A0158E6D3B00066CF1 /* FaceRecognition.h */,
				4DDE03A1158E6D3B00066CF1 /* FaceRecognition.m */,
				F000AE99159A743D006E8743 /* Face.h */,
				F000AE9A159A743D006E8743 /* Face.m */,
			);
			name = Faces;
			sourceTree = "<group>";
		};
		4DDE03A5158E72C100066CF1 /* ImageManipulation */ = {
			isa = PBXGroup;
			children = (
				4DDE03A6158E72DB00066CF1 /* UIImage+Resize.h */,
				4DDE03A7158E730300066CF1 /* UIImage+Resize.m */,
				4DDE03A9158E732500066CF1 /* UIImage+RoundedCorner.h */,
				4DDE03AA158E733700066CF1 /* UIImage+RoundedCorner.m */,
				4DDE03AC158E734600066CF1 /* UIImage+Alpha.h */,
				4DDE03AD158E736100066CF1 /* UIImage+Alpha.m */,
			);
			name = ImageManipulation;
			sourceTree = "<group>";
		};
		F0A035AD1597D15600392A2C /* libs */ = {
			isa = PBXGroup;
			children = (
				F0A035AE1597D16A00392A2C /* MBProgressHUD.m */,
				F0A035B01597D17800392A2C /* MBProgressHUD.h */,
				F000AE96159A6CA1006E8743 /* Reachability.h */,
				F000AE97159A6CAA006E8743 /* Reachability.m */,
				F088F31D159BE0A200C51F7E /* NSTimer+Blocks.h */,
				F088F31E159BE0D200C51F7E /* NSTimer+Blocks.m */,
			);
			name = libs;
			sourceTree = "<group>";
		};
		F0D566F7159EA0F9001281D0 /* Overlays */ = {
			isa = PBXGroup;
			children = (
				F088F319159BCEAC00C51F7E /* ImageOverlay.h */,
				F088F31A159BCEAC00C51F7E /* ImageOverlay.m */,
			);
			name = Overlays;
			sourceTree = "<group>";
		};
/* End PBXGroup section */

/* Begin PBXNativeTarget section */
		4D8648B6158D2971003BEBD5 /* iDealWithIt */ = {
			isa = PBXNativeTarget;
			buildConfigurationList = 4D8648E9158D2971003BEBD5 /* Build configuration list for PBXNativeTarget "iDealWithIt" */;
			buildPhases = (
				4D8648B3158D2971003BEBD5 /* Sources */,
				4D8648B4158D2971003BEBD5 /* Frameworks */,
				4D8648B5158D2971003BEBD5 /* Resources */,
			);
			buildRules = (
			);
			dependencies = (
			);
			name = iDealWithIt;
			productName = iDealWithIt;
			productReference = 4D8648B7158D2971003BEBD5 /* iDealWithIt.app */;
			productType = "com.apple.product-type.application";
		};
/* End PBXNativeTarget section */

/* Begin PBXProject section */
		4D8648AE158D2971003BEBD5 /* Project object */ = {
			isa = PBXProject;
			attributes = {
				LastUpgradeCheck = 0430;
				ORGANIZATIONNAME = syntaxi;
			};
			buildConfigurationList = 4D8648B1158D2971003BEBD5 /* Build configuration list for PBXProject "iDealWithIt" */;
			compatibilityVersion = "Xcode 3.2";
			developmentRegion = English;
			hasScannedForEncodings = 0;
			knownRegions = (
				en,
			);
			mainGroup = 4D8648AC158D2971003BEBD5;
			productRefGroup = 4D8648B8158D2971003BEBD5 /* Products */;
			projectDirPath = "";
			projectRoot = "";
			targets = (
				4D8648B6158D2971003BEBD5 /* iDealWithIt */,
			);
		};
/* End PBXProject section */

/* Begin PBXResourcesBuildPhase section */
		4D8648B5158D2971003BEBD5 /* Resources */ = {
			isa = PBXResourcesBuildPhase;
			buildActionMask = 2147483647;
			files = (
				4D8648C6158D2971003BEBD5 /* InfoPlist.strings in Resources */,
				4D8648E0158D2971003BEBD5 /* FirstViewController_iPad.xib in Resources */,
				4D8648E6158D2971003BEBD5 /* CaptureViewController_iPad.xib in Resources */,
				4D8648FA158D2A1C003BEBD5 /* 111-user.png in Resources */,
				4D8648FB158D2A1C003BEBD5 /* 165-glasses-3.png in Resources */,
				4D8648FC158D2A1C003BEBD5 /* camera.png in Resources */,
				4D864904158D2DAF003BEBD5 /* FirstViewController_iPhone.xib in Resources */,
				4D2F7DC5158D30DF00E44CC8 /* CaptureViewController_iPhone.xib in Resources */,
				4D3F4436158E3C3100E17DFD /* AdjustmentViewController_iPhone.xib in Resources */,
				4DD174CC158E54A600DC7B37 /* FWImageController.nib in Resources */,
				4DDE03B1158EB11A00066CF1 /* notes.txt in Resources */,
				F0A035B41597D62B00392A2C /* Icon.png in Resources */,
				F0A0360215980C2400392A2C /* abraham_lincoln1.jpg in Resources */,
				F0CA4F9215980DB3000FC938 /* jobs.jpg in Resources */,
				F000AE9D159A8358006E8743 /* glasses.jpg in Resources */,
				F081AAFF159A930D0016369A /* glasses.png in Resources */,
				F0D566FC159F512E001281D0 /* roll.jpg in Resources */,
				F0D5670115A0D971001281D0 /* OverlayPickerViewController_iPhone.xib in Resources */,
				F0D5670615A0DAF5001281D0 /* FaceViewController_iPhone.xib in Resources */,
				F0D5670815A0F728001281D0 /* Cat-with-hat.jpg in Resources */,
				F0D724E915A136D3004D1BDC /* dealwithit.png in Resources */,
				F0D724EB15A14524004D1BDC /* mst.jpg in Resources */,
			);
			runOnlyForDeploymentPostprocessing = 0;
		};
/* End PBXResourcesBuildPhase section */

/* Begin PBXSourcesBuildPhase section */
		4D8648B3158D2971003BEBD5 /* Sources */ = {
			isa = PBXSourcesBuildPhase;
			buildActionMask = 2147483647;
			files = (
				4D8648C8158D2971003BEBD5 /* main.m in Sources */,
				4D8648CC158D2971003BEBD5 /* AppDelegate.m in Sources */,
				4D8648CF158D2971003BEBD5 /* FirstViewController.m in Sources */,
				4D2F7DC4158D30DF00E44CC8 /* CaptureViewController.m in Sources */,
				4D3F4435158E3C3100E17DFD /* AdjustmentViewController.m in Sources */,
				4DDE03A2158E6D3B00066CF1 /* FaceRecognition.m in Sources */,
				4DDE03A8158E730300066CF1 /* UIImage+Resize.m in Sources */,
				4DDE03AB158E733700066CF1 /* UIImage+RoundedCorner.m in Sources */,
				4DDE03AE158E736100066CF1 /* UIImage+Alpha.m in Sources */,
				F0A035AF1597D16A00392A2C /* MBProgressHUD.m in Sources */,
				F000AE98159A6CAA006E8743 /* Reachability.m in Sources */,
				F000AE9B159A743D006E8743 /* Face.m in Sources */,
				F088F31B159BCEAC00C51F7E /* ImageOverlay.m in Sources */,
				F088F31F159BE0D200C51F7E /* NSTimer+Blocks.m in Sources */,
				F0D5670015A0D971001281D0 /* OverlayPickerViewController.m in Sources */,
				F0D5670415A0D9A2001281D0 /* FaceViewController.m in Sources */,
			);
			runOnlyForDeploymentPostprocessing = 0;
		};
/* End PBXSourcesBuildPhase section */

/* Begin PBXVariantGroup section */
		4D8648C4158D2971003BEBD5 /* InfoPlist.strings */ = {
			isa = PBXVariantGroup;
			children = (
				4D8648C5158D2971003BEBD5 /* en */,
			);
			name = InfoPlist.strings;
			sourceTree = "<group>";
		};
		4D8648DE158D2971003BEBD5 /* FirstViewController_iPad.xib */ = {
			isa = PBXVariantGroup;
			children = (
				4D8648DF158D2971003BEBD5 /* en */,
			);
			name = FirstViewController_iPad.xib;
			sourceTree = "<group>";
		};
		4D8648E4158D2971003BEBD5 /* CaptureViewController_iPad.xib */ = {
			isa = PBXVariantGroup;
			children = (
				4D8648E5158D2971003BEBD5 /* en */,
			);
			name = CaptureViewController_iPad.xib;
			sourceTree = "<group>";
		};
/* End PBXVariantGroup section */

/* Begin XCBuildConfiguration section */
		4D8648E7158D2971003BEBD5 /* Debug */ = {
			isa = XCBuildConfiguration;
			buildSettings = {
				ALWAYS_SEARCH_USER_PATHS = NO;
				ARCHS = "$(ARCHS_STANDARD_32_BIT)";
				"CODE_SIGN_IDENTITY[sdk=iphoneos*]" = "iPhone Developer";
				COPY_PHASE_STRIP = NO;
				GCC_C_LANGUAGE_STANDARD = gnu99;
				GCC_DYNAMIC_NO_PIC = NO;
				GCC_OPTIMIZATION_LEVEL = 0;
				GCC_PREPROCESSOR_DEFINITIONS = (
					"DEBUG=1",
					"$(inherited)",
				);
				GCC_SYMBOLS_PRIVATE_EXTERN = NO;
				GCC_VERSION = com.apple.compilers.llvm.clang.1_0;
				GCC_WARN_ABOUT_RETURN_TYPE = YES;
				GCC_WARN_UNINITIALIZED_AUTOS = YES;
				GCC_WARN_UNUSED_VARIABLE = YES;
				IPHONEOS_DEPLOYMENT_TARGET = 5.1;
				SDKROOT = iphoneos;
				TARGETED_DEVICE_FAMILY = "1,2";
			};
			name = Debug;
		};
		4D8648E8158D2971003BEBD5 /* Release */ = {
			isa = XCBuildConfiguration;
			buildSettings = {
				ALWAYS_SEARCH_USER_PATHS = NO;
				ARCHS = "$(ARCHS_STANDARD_32_BIT)";
				"CODE_SIGN_IDENTITY[sdk=iphoneos*]" = "iPhone Developer";
				COPY_PHASE_STRIP = YES;
				GCC_C_LANGUAGE_STANDARD = gnu99;
				GCC_VERSION = com.apple.compilers.llvm.clang.1_0;
				GCC_WARN_ABOUT_RETURN_TYPE = YES;
				GCC_WARN_UNINITIALIZED_AUTOS = YES;
				GCC_WARN_UNUSED_VARIABLE = YES;
				IPHONEOS_DEPLOYMENT_TARGET = 5.1;
				OTHER_CFLAGS = "-DNS_BLOCK_ASSERTIONS=1";
				SDKROOT = iphoneos;
				TARGETED_DEVICE_FAMILY = "1,2";
				VALIDATE_PRODUCT = YES;
			};
			name = Release;
		};
		4D8648EA158D2971003BEBD5 /* Debug */ = {
			isa = XCBuildConfiguration;
			buildSettings = {
				CODE_SIGN_IDENTITY = "iPhone Developer: mark olson (CNN7HFK5F7)";
				"CODE_SIGN_IDENTITY[sdk=iphoneos*]" = "iPhone Developer: mark olson (CNN7HFK5F7)";
				DEBUG_INFORMATION_FORMAT = "dwarf-with-dsym";
				FRAMEWORK_SEARCH_PATHS = (
					"$(inherited)",
					"\"$(SRCROOT)\"",
					"\"$(SRCROOT)/WrapperFace.embeddedframework\"",
				);
				GCC_PRECOMPILE_PREFIX_HEADER = YES;
				GCC_PREFIX_HEADER = "iDealWithIt/iDealWithIt-Prefix.pch";
				INFOPLIST_FILE = "iDealWithIt/iDealWithIt-Info.plist";
				LIBRARY_SEARCH_PATHS = (
					"$(inherited)",
					"\"$(SRCROOT)\"",
					"\"$(SRCROOT)/WrapperFace.embeddedframework\"",
				);
				"OTHER_LDFLAGS[arch=*]" = (
					"-ObjC",
					"-all_load",
				);
				PRODUCT_NAME = "$(TARGET_NAME)";
				PROVISIONING_PROFILE = "7A40245C-86C0-4B37-BB49-614BBCF5D506";
				"PROVISIONING_PROFILE[sdk=iphoneos*]" = "7A40245C-86C0-4B37-BB49-614BBCF5D506";
				TARGETED_DEVICE_FAMILY = 1;
				WRAPPER_EXTENSION = app;
			};
			name = Debug;
		};
		4D8648EB158D2971003BEBD5 /* Release */ = {
			isa = XCBuildConfiguration;
			buildSettings = {
				CODE_SIGN_IDENTITY = "iPhone Distribution: mark olson";
				"CODE_SIGN_IDENTITY[sdk=iphoneos*]" = "iPhone Distribution: mark olson";
				DEBUG_INFORMATION_FORMAT = "dwarf-with-dsym";
				FRAMEWORK_SEARCH_PATHS = (
					"$(inherited)",
					"\"$(SRCROOT)\"",
					"\"$(SRCROOT)/WrapperFace.embeddedframework\"",
				);
				GCC_PRECOMPILE_PREFIX_HEADER = YES;
				GCC_PREFIX_HEADER = "iDealWithIt/iDealWithIt-Prefix.pch";
				GCC_PREPROCESSOR_DEFINITIONS = "RELEASE=1";
				INFOPLIST_FILE = "iDealWithIt/iDealWithIt-Info.plist";
				LIBRARY_SEARCH_PATHS = (
					"$(inherited)",
					"\"$(SRCROOT)\"",
					"\"$(SRCROOT)/WrapperFace.embeddedframework\"",
				);
				"OTHER_LDFLAGS[arch=*]" = (
					"-ObjC",
					"-all_load",
				);
				PRODUCT_NAME = "$(TARGET_NAME)";
				PROVISIONING_PROFILE = "85DF8D86-5B9D-473F-B2DB-A1A6367F7C6D";
				"PROVISIONING_PROFILE[sdk=iphoneos*]" = "85DF8D86-5B9D-473F-B2DB-A1A6367F7C6D";
				TARGETED_DEVICE_FAMILY = 1;
				WRAPPER_EXTENSION = app;
			};
			name = Release;
		};
/* End XCBuildConfiguration section */

/* Begin XCConfigurationList section */
		4D8648B1158D2971003BEBD5 /* Build configuration list for PBXProject "iDealWithIt" */ = {
			isa = XCConfigurationList;
			buildConfigurations = (
				4D8648E7158D2971003BEBD5 /* Debug */,
				4D8648E8158D2971003BEBD5 /* Release */,
			);
			defaultConfigurationIsVisible = 0;
			defaultConfigurationName = Release;
		};
		4D8648E9158D2971003BEBD5 /* Build configuration list for PBXNativeTarget "iDealWithIt" */ = {
			isa = XCConfigurationList;
			buildConfigurations = (
				4D8648EA158D2971003BEBD5 /* Debug */,
				4D8648EB158D2971003BEBD5 /* Release */,
			);
			defaultConfigurationIsVisible = 0;
			defaultConfigurationName = Release;
		};
/* End XCConfigurationList section */
	};
	rootObject = 4D8648AE158D2971003BEBD5 /* Project object */;
}
